
Microsoft Visual Studio Solution File, Format Version 12.00
# Visual Studio Version 16
VisualStudioVersion = 16.0.32510.428
MinimumVisualStudioVersion = 10.0.40219.1
Project("{FAE04EC0-301F-11D3-BF4B-00C04F79EFBC}") = "ProyectPP2", "ProyectPP2.csproj", "{D17D75E2-F258-45CE-A8B2-3B53BD8EE21D}"
EndProject
Global
	GlobalSection(SolutionConfigurationPlatforms) = preSolution
		Debug|Any CPU = Debug|Any CPU
		Release|Any CPU = Release|Any CPU
	EndGlobalSection
	GlobalSection(ProjectConfigurationPlatforms) = postSolution
		{D17D75E2-F258-45CE-A8B2-3B53BD8EE21D}.Debug|Any CPU.ActiveCfg = Debug|Any CPU
		{D17D75E2-F258-45CE-A8B2-3B53BD8EE21D}.Debug|Any CPU.Build.0 = Debug|Any CPU
		{D17D75E2-F258-45CE-A8B2-3B53BD8EE21D}.Release|Any CPU.ActiveCfg = Release|Any CPU
		{D17D75E2-F258-45CE-A8B2-3B53BD8EE21D}.Release|Any CPU.Build.0 = Release|Any CPU
	EndGlobalSection
	GlobalSection(SolutionProperties) = preSolution
		HideSolutionNode = FALSE
	EndGlobalSection
	GlobalSection(ExtensibilityGlobals) = postSolution
		SolutionGuid = {75EFFAF3-CC9A-4CE4-8C93-91C678107124}
	EndGlobalSection
EndGlobal
